Microsoft Visual Studio Solution File, Format Version 12.00
# Visual Studio 2012
Project("{FAE04EC0-301F-11D3-BF4B-00C04F79EFBC}") = "projectile platformer 1bit", "projectile platformer 1bit.csproj", "{56D50C4B-477C-41FF-AE44-8F01CA7223BC}"
EndProject
Global
	GlobalSection(SolutionConfigurationPlatforms) = preSolution
	Debug|Any CPU = Debug|Any CPU
	ExportDebug|Any CPU = ExportDebug|Any CPU
	ExportRelease|Any CPU = ExportRelease|Any CPU
	EndGlobalSection
	GlobalSection(ProjectConfigurationPlatforms) = postSolution
		{56D50C4B-477C-41FF-AE44-8F01CA7223BC}.Debug|Any CPU.ActiveCfg = Debug|Any CPU
		{56D50C4B-477C-41FF-AE44-8F01CA7223BC}.Debug|Any CPU.Build.0 = Debug|Any CPU
		{56D50C4B-477C-41FF-AE44-8F01CA7223BC}.ExportDebug|Any CPU.ActiveCfg = ExportDebug|Any CPU
		{56D50C4B-477C-41FF-AE44-8F01CA7223BC}.ExportDebug|Any CPU.Build.0 = ExportDebug|Any CPU
		{56D50C4B-477C-41FF-AE44-8F01CA7223BC}.ExportRelease|Any CPU.ActiveCfg = ExportRelease|Any CPU
		{56D50C4B-477C-41FF-AE44-8F01CA7223BC}.ExportRelease|Any CPU.Build.0 = ExportRelease|Any CPU
	EndGlobalSection
EndGlobal
